{
  "nodes": {
    "agenix": {
      "inputs": {
        "darwin": "darwin",
        "nixpkgs": [
          "nixos-unstable"
        ]
      },
      "locked": {
        "lastModified": 1676761227,
        "narHash": "sha256-HzJGizPRPNz0bQ2C/iI0R+/NugRcLWQlvkhGb3mjwko=",
        "owner": "ryantm",
        "repo": "agenix",
        "rev": "78a22dbc0d6a6b6864ce16e81e1df1b330e97655",
        "type": "github"
      },
      "original": {
        "owner": "ryantm",
        "repo": "agenix",
        "type": "github"
      }
    },
    "comma": {
      "inputs": {
        "flake-compat": "flake-compat",
        "naersk": "naersk",
        "nixpkgs": [
          "nixos-unstable"
        ],
        "utils": "utils"
      },
      "locked": {
        "lastModified": 1676319017,
        "narHash": "sha256-gHyshpxoQAc/3sI3eChqmSCvsBimy+Z6EkzwA3aAYgA=",
        "owner": "nix-community",
        "repo": "comma",
        "rev": "c4001264668c09d44d765e5ccb1182f291cd91a4",
        "type": "github"
      },
      "original": {
        "owner": "nix-community",
        "repo": "comma",
        "type": "github"
      }
    },
    "darwin": {
      "inputs": {
        "nixpkgs": [
          "agenix",
          "nixpkgs"
        ]
      },
      "locked": {
        "lastModified": 1673295039,
        "narHash": "sha256-AsdYgE8/GPwcelGgrntlijMg4t3hLFJFCRF3tL5WVjA=",
        "owner": "lnl7",
        "repo": "nix-darwin",
        "rev": "87b9d090ad39b25b2400029c64825fc2a8868943",
        "type": "github"
      },
      "original": {
        "owner": "lnl7",
        "ref": "master",
        "repo": "nix-darwin",
        "type": "github"
      }
    },
    "flake-compat": {
      "flake": false,
      "locked": {
        "lastModified": 1650374568,
        "narHash": "sha256-Z+s0J8/r907g149rllvwhb4pKi8Wam5ij0st8PwAh+E=",
        "owner": "edolstra",
        "repo": "flake-compat",
        "rev": "b4a34015c698c7793d592d66adbab377907a2be8",
        "type": "github"
      },
      "original": {
        "owner": "edolstra",
        "repo": "flake-compat",
        "type": "github"
      }
    },
    "home-manager": {
      "inputs": {
        "nixpkgs": [
          "nixos-unstable"
        ],
        "utils": "utils_2"
      },
      "locked": {
        "lastModified": 1676367705,
        "narHash": "sha256-un5UbRat9TwruyImtwUGcKF823rCEp4fQxnsaLFL7CM=",
        "owner": "nix-community",
        "repo": "home-manager",
        "rev": "da72e6fc6b7dc0c3f94edbd310aae7cd95c678b5",
        "type": "github"
      },
      "original": {
        "owner": "nix-community",
        "repo": "home-manager",
        "type": "github"
      }
    },
    "hyprland": {
      "inputs": {
        "hyprland-protocols": "hyprland-protocols",
        "nixpkgs": "nixpkgs",
        "wlroots": "wlroots",
        "xdph": "xdph"
      },
      "locked": {
        "lastModified": 1676759731,
        "narHash": "sha256-IiyGH0k4RQ0gEOW+ojQlm9C0rX2deRDfFZkHEO+TRxg=",
        "owner": "vaxerski",
        "repo": "Hyprland",
        "rev": "c92e0c05e466f8cbf9c99ddcff969a1b36277248",
        "type": "github"
      },
      "original": {
        "owner": "vaxerski",
        "repo": "Hyprland",
        "type": "github"
      }
    },
    "hyprland-protocols": {
      "inputs": {
        "nixpkgs": [
          "hyprland",
          "nixpkgs"
        ]
      },
      "locked": {
        "lastModified": 1671839510,
        "narHash": "sha256-+PY1qqJfmZzzROgcIY4I7AkCwpnC+qBIYk2eFoA9RWc=",
        "owner": "hyprwm",
        "repo": "hyprland-protocols",
        "rev": "b8f55e02a328c47ed373133c52483bbfa20a1b75",
        "type": "github"
      },
      "original": {
        "owner": "hyprwm",
        "repo": "hyprland-protocols",
        "type": "github"
      }
    },
    "impermanence": {
      "locked": {
        "lastModified": 1675359654,
        "narHash": "sha256-FPxzuvJkcO49g4zkWLSeuZkln54bLoTtrggZDJBH90I=",
        "owner": "nix-community",
        "repo": "impermanence",
        "rev": "6138eb8e737bffabd4c8fc78ae015d4fd6a7e2fd",
        "type": "github"
      },
      "original": {
        "owner": "nix-community",
        "repo": "impermanence",
        "type": "github"
      }
    },
    "minidev": {
      "inputs": {
        "nixpkgs": [
          "nixos-unstable"
        ]
      },
      "locked": {
        "lastModified": 1673587309,
        "narHash": "sha256-W5fk54k3CZyM3XT2I3u/WQ/2F8C6NLCWOlyIWgOxNFo=",
        "owner": "robbins",
        "repo": "minidev",
        "rev": "06c2d19457587030e2c95b77451f345ce2e16c4a",
        "type": "github"
      },
      "original": {
        "owner": "robbins",
        "repo": "minidev",
        "type": "github"
      }
    },
    "naersk": {
      "inputs": {
        "nixpkgs": [
          "comma",
          "nixpkgs"
        ]
      },
      "locked": {
        "lastModified": 1662220400,
        "narHash": "sha256-9o2OGQqu4xyLZP9K6kNe1pTHnyPz0Wr3raGYnr9AIgY=",
        "owner": "nix-community",
        "repo": "naersk",
        "rev": "6944160c19cb591eb85bbf9b2f2768a935623ed3",
        "type": "github"
      },
      "original": {
        "owner": "nix-community",
        "ref": "master",
        "repo": "naersk",
        "type": "github"
      }
    },
    "nixos-stable": {
      "locked": {
        "lastModified": 1676636606,
        "narHash": "sha256-Hahkda+Amu3RQE0C6UIxLo1x8tkDmu8jkFRa8JujFos=",
        "owner": "nixos",
        "repo": "nixpkgs",
        "rev": "de5448dab588ad41aef40f8c7c0c230981656698",
        "type": "github"
      },
      "original": {
        "owner": "nixos",
        "ref": "nixos-22.11",
        "repo": "nixpkgs",
        "type": "github"
      }
    },
    "nixos-unstable": {
      "locked": {
        "lastModified": 1676721149,
        "narHash": "sha256-mN2EpTGxxVNnFZLoLWRwh6f7UWhXy4qE+wO2CZyrXps=",
        "owner": "nixos",
        "repo": "nixpkgs",
        "rev": "5f4e07deb7c44f27d498f8df9c5f34750acf52d2",
        "type": "github"
      },
      "original": {
        "owner": "nixos",
        "ref": "nixos-unstable",
        "repo": "nixpkgs",
        "type": "github"
      }
    },
    "nixpkgs": {
      "locked": {
        "lastModified": 1675273418,
        "narHash": "sha256-tpYc4TEGvDzh9uRf44QemyQ4TpVuUbxb07b2P99XDbM=",
        "owner": "NixOS",
        "repo": "nixpkgs",
        "rev": "4d7c2644dbac9cf8282c0afe68fca8f0f3e7b2db",
        "type": "github"
      },
      "original": {
        "owner": "NixOS",
        "ref": "nixos-unstable",
        "repo": "nixpkgs",
        "type": "github"
      }
    },
    "root": {
      "inputs": {
        "agenix": "agenix",
        "comma": "comma",
        "home-manager": "home-manager",
        "hyprland": "hyprland",
        "impermanence": "impermanence",
        "minidev": "minidev",
        "nixos-stable": "nixos-stable",
        "nixos-unstable": "nixos-unstable"
      }
    },
    "utils": {
      "locked": {
        "lastModified": 1659877975,
        "narHash": "sha256-zllb8aq3YO3h8B/U0/J1WBgAL8EX5yWf5pMj3G0NAmc=",
        "owner": "numtide",
        "repo": "flake-utils",
        "rev": "c0e246b9b83f637f4681389ecabcb2681b4f3af0",
        "type": "github"
      },
      "original": {
        "owner": "numtide",
        "repo": "flake-utils",
        "type": "github"
      }
    },
    "utils_2": {
      "locked": {
        "lastModified": 1667395993,
        "narHash": "sha256-nuEHfE/LcWyuSWnS8t12N1wc105Qtau+/OdUAjtQ0rA=",
        "owner": "numtide",
        "repo": "flake-utils",
        "rev": "5aed5285a952e0b949eb3ba02c12fa4fcfef535f",
        "type": "github"
      },
      "original": {
        "owner": "numtide",
        "repo": "flake-utils",
        "type": "github"
      }
    },
    "wlroots": {
      "flake": false,
      "locked": {
        "host": "gitlab.freedesktop.org",
        "lastModified": 1675374853,
        "narHash": "sha256-BSrjNcddYWhFUMtjGwxiEXw67MYRaIHGvLn19Mvm1NE=",
        "owner": "wlroots",
        "repo": "wlroots",
        "rev": "677a3f2f8847ed2de49dd60868f9d9487a546f58",
        "type": "gitlab"
      },
      "original": {
        "host": "gitlab.freedesktop.org",
        "owner": "wlroots",
        "repo": "wlroots",
        "type": "gitlab"
      }
    },
    "xdph": {
      "inputs": {
        "hyprland-protocols": [
          "hyprland",
          "hyprland-protocols"
        ],
        "nixpkgs": [
          "hyprland",
          "nixpkgs"
        ]
      },
      "locked": {
        "lastModified": 1673116118,
        "narHash": "sha256-eR0yDSkR2XYMesfdRWJs25kAdXET2mbNNHu5t+KUcKA=",
        "owner": "hyprwm",
        "repo": "xdg-desktop-portal-hyprland",
        "rev": "d479c846531fd0e1d2357c9588b8310a2b859ef2",
        "type": "github"
      },
      "original": {
        "owner": "hyprwm",
        "repo": "xdg-desktop-portal-hyprland",
        "type": "github"
      }
    }
  },
  "root": "root",
  "version": 7
}
